
Microsoft Visual Studio Solution File, Format Version 12.00
# Visual Studio 15
VisualStudioVersion = 15.0.28307.106
MinimumVisualStudioVersion = 10.0.40219.1
Project("{FAE04EC0-301F-11D3-BF4B-00C04F79EFBC}") = "EquiLeader", "EquiLeader\EquiLeader.csproj", "{8DEF2A6D-90F2-4D9B-9798-37F1C566DABA}"
EndProject
Global
	GlobalSection(SolutionConfigurationPlatforms) = preSolution
		Debug|Any CPU = Debug|Any CPU
		Release|Any CPU = Release|Any CPU
	EndGlobalSection
	GlobalSection(ProjectConfigurationPlatforms) = postSolution
		{8DEF2A6D-90F2-4D9B-9798-37F1C566DABA}.Debug|Any CPU.ActiveCfg = Debug|Any CPU
		{8DEF2A6D-90F2-4D9B-9798-37F1C566DABA}.Debug|Any CPU.Build.0 = Debug|Any CPU
		{8DEF2A6D-90F2-4D9B-9798-37F1C566DABA}.Release|Any CPU.ActiveCfg = Release|Any CPU
		{8DEF2A6D-90F2-4D9B-9798-37F1C566DABA}.Release|Any CPU.Build.0 = Release|Any CPU
	EndGlobalSection
	GlobalSection(SolutionProperties) = preSolution
		HideSolutionNode = FALSE
	EndGlobalSection
	GlobalSection(ExtensibilityGlobals) = postSolution
		SolutionGuid = {4AE38D02-D0E8-4255-ABA3-6D75C1453D33}
	EndGlobalSection
EndGlobal
